// !$*UTF8*$!
{
	archiveVersion = 1;
	classes = {
	};
	objectVersion = 50;
	objects = {

/* Begin PBXBuildFile section */
		5F05873F23C5DB55009D39D8 /* AppDelegate.swift in Sources */ = {isa = PBXBuildFile; fileRef = 5F05873E23C5DB55009D39D8 /* AppDelegate.swift */; };
		5F05874123C5DB55009D39D8 /* SceneDelegate.swift in Sources */ = {isa = PBXBuildFile; fileRef = 5F05874023C5DB55009D39D8 /* SceneDelegate.swift */; };
		5F05874623C5DB55009D39D8 /* Main.storyboard in Resources */ = {isa = PBXBuildFile; fileRef = 5F05874423C5DB55009D39D8 /* Main.storyboard */; };
		5F05874923C5DB55009D39D8 /* TestAppForItInnovations.xcdatamodeld in Sources */ = {isa = PBXBuildFile; fileRef = 5F05874723C5DB55009D39D8 /* TestAppForItInnovations.xcdatamodeld */; };
		5F05874B23C5DB59009D39D8 /* Assets.xcassets in Resources */ = {isa = PBXBuildFile; fileRef = 5F05874A23C5DB59009D39D8 /* Assets.xcassets */; };
		5F05874E23C5DB59009D39D8 /* LaunchScreen.storyboard in Resources */ = {isa = PBXBuildFile; fileRef = 5F05874C23C5DB59009D39D8 /* LaunchScreen.storyboard */; };
		5F05875823C5DC1A009D39D8 /* MainViewController.swift in Sources */ = {isa = PBXBuildFile; fileRef = 5F05875723C5DC1A009D39D8 /* MainViewController.swift */; };
		5F05875A23C5E908009D39D8 /* Person.swift in Sources */ = {isa = PBXBuildFile; fileRef = 5F05875923C5E908009D39D8 /* Person.swift */; };
		5F05875C23C5EBB3009D39D8 /* NetworkService.swift in Sources */ = {isa = PBXBuildFile; fileRef = 5F05875B23C5EBB3009D39D8 /* NetworkService.swift */; };
		5F99BBFF23C5F71C002B3035 /* PersonTableViewCell.swift in Sources */ = {isa = PBXBuildFile; fileRef = 5F99BBFE23C5F71C002B3035 /* PersonTableViewCell.swift */; };
/* End PBXBuildFile section */

/* Begin PBXFileReference section */
		5F05873B23C5DB55009D39D8 /* TestAppForItInnovations.app */ = {isa = PBXFileReference; explicitFileType = wrapper.application; includeInIndex = 0; path = TestAppForItInnovations.app; sourceTree = BUILT_PRODUCTS_DIR; };
		5F05873E23C5DB55009D39D8 /* AppDelegate.swift */ = {isa = PBXFileReference; lastKnownFileType = sourcecode.swift; path = AppDelegate.swift; sourceTree = "<group>"; };
		5F05874023C5DB55009D39D8 /* SceneDelegate.swift */ = {isa = PBXFileReference; lastKnownFileType = sourcecode.swift; path = SceneDelegate.swift; sourceTree = "<group>"; };
		5F05874523C5DB55009D39D8 /* Base */ = {isa = PBXFileReference; lastKnownFileType = file.storyboard; name = Base; path = Base.lproj/Main.storyboard; sourceTree = "<group>"; };
		5F05874823C5DB55009D39D8 /* TestAppForItInnovations.xcdatamodel */ = {isa = PBXFileReference; lastKnownFileType = wrapper.xcdatamodel; path = TestAppForItInnovations.xcdatamodel; sourceTree = "<group>"; };
		5F05874A23C5DB59009D39D8 /* Assets.xcassets */ = {isa = PBXFileReference; lastKnownFileType = folder.assetcatalog; path = Assets.xcassets; sourceTree = "<group>"; };
		5F05874D23C5DB59009D39D8 /* Base */ = {isa = PBXFileReference; lastKnownFileType = file.storyboard; name = Base; path = Base.lproj/LaunchScreen.storyboard; sourceTree = "<group>"; };
		5F05874F23C5DB59009D39D8 /* Info.plist */ = {isa = PBXFileReference; lastKnownFileType = text.plist.xml; path = Info.plist; sourceTree = "<group>"; };
		5F05875723C5DC1A009D39D8 /* MainViewController.swift */ = {isa = PBXFileReference; lastKnownFileType = sourcecode.swift; path = MainViewController.swift; sourceTree = "<group>"; };
		5F05875923C5E908009D39D8 /* Person.swift */ = {isa = PBXFileReference; lastKnownFileType = sourcecode.swift; path = Person.swift; sourceTree = "<group>"; };
		5F05875B23C5EBB3009D39D8 /* NetworkService.swift */ = {isa = PBXFileReference; lastKnownFileType = sourcecode.swift; path = NetworkService.swift; sourceTree = "<group>"; };
		5F99BBFE23C5F71C002B3035 /* PersonTableViewCell.swift */ = {isa = PBXFileReference; lastKnownFileType = sourcecode.swift; path = PersonTableViewCell.swift; sourceTree = "<group>"; };
/* End PBXFileReference section */

/* Begin PBXFrameworksBuildPhase section */
		5F05873823C5DB55009D39D8 /* Frameworks */ = {
			isa = PBXFrameworksBuildPhase;
			buildActionMask = 2147483647;
			files = (
			);
			runOnlyForDeploymentPostprocessing = 0;
		};
/* End PBXFrameworksBuildPhase section */

/* Begin PBXGroup section */
		5F05873223C5DB55009D39D8 = {
			isa = PBXGroup;
			children = (
				5F05873D23C5DB55009D39D8 /* TestAppForItInnovations */,
				5F05873C23C5DB55009D39D8 /* Products */,
			);
			sourceTree = "<group>";
		};
		5F05873C23C5DB55009D39D8 /* Products */ = {
			isa = PBXGroup;
			children = (
				5F05873B23C5DB55009D39D8 /* TestAppForItInnovations.app */,
			);
			name = Products;
			sourceTree = "<group>";
		};
		5F05873D23C5DB55009D39D8 /* TestAppForItInnovations */ = {
			isa = PBXGroup;
			children = (
				5F05873E23C5DB55009D39D8 /* AppDelegate.swift */,
				5F05875723C5DC1A009D39D8 /* MainViewController.swift */,
				5F99BBFE23C5F71C002B3035 /* PersonTableViewCell.swift */,
				5F05874023C5DB55009D39D8 /* SceneDelegate.swift */,
				5F05874423C5DB55009D39D8 /* Main.storyboard */,
				5F05875923C5E908009D39D8 /* Person.swift */,
				5F05875B23C5EBB3009D39D8 /* NetworkService.swift */,
				5F05874A23C5DB59009D39D8 /* Assets.xcassets */,
				5F05874C23C5DB59009D39D8 /* LaunchScreen.storyboard */,
				5F05874F23C5DB59009D39D8 /* Info.plist */,
				5F05874723C5DB55009D39D8 /* TestAppForItInnovations.xcdatamodeld */,
			);
			path = TestAppForItInnovations;
			sourceTree = "<group>";
		};
/* End PBXGroup section */

/* Begin PBXNativeTarget section */
		5F05873A23C5DB55009D39D8 /* TestAppForItInnovations */ = {
			isa = PBXNativeTarget;
			buildConfigurationList = 5F05875223C5DB59009D39D8 /* Build configuration list for PBXNativeTarget "TestAppForItInnovations" */;
			buildPhases = (
				5F05873723C5DB55009D39D8 /* Sources */,
				5F05873823C5DB55009D39D8 /* Frameworks */,
				5F05873923C5DB55009D39D8 /* Resources */,
			);
			buildRules = (
			);
			dependencies = (
			);
			name = TestAppForItInnovations;
			productName = TestAppForItInnovations;
			productReference = 5F05873B23C5DB55009D39D8 /* TestAppForItInnovations.app */;
			productType = "com.apple.product-type.application";
		};
/* End PBXNativeTarget section */

/* Begin PBXProject section */
		5F05873323C5DB55009D39D8 /* Project object */ = {
			isa = PBXProject;
			attributes = {
				LastSwiftUpdateCheck = 1130;
				LastUpgradeCheck = 1130;
				ORGANIZATIONNAME = "Dima Opalko";
				TargetAttributes = {
					5F05873A23C5DB55009D39D8 = {
						CreatedOnToolsVersion = 11.3;
					};
				};
			};
			buildConfigurationList = 5F05873623C5DB55009D39D8 /* Build configuration list for PBXProject "TestAppForItInnovations" */;
			compatibilityVersion = "Xcode 9.3";
			developmentRegion = en;
			hasScannedForEncodings = 0;
			knownRegions = (
				en,
				Base,
			);
			mainGroup = 5F05873223C5DB55009D39D8;
			productRefGroup = 5F05873C23C5DB55009D39D8 /* Products */;
			projectDirPath = "";
			projectRoot = "";
			targets = (
				5F05873A23C5DB55009D39D8 /* TestAppForItInnovations */,
			);
		};
/* End PBXProject section */

/* Begin PBXResourcesBuildPhase section */
		5F05873923C5DB55009D39D8 /* Resources */ = {
			isa = PBXResourcesBuildPhase;
			buildActionMask = 2147483647;
			files = (
				5F05874E23C5DB59009D39D8 /* LaunchScreen.storyboard in Resources */,
				5F05874B23C5DB59009D39D8 /* Assets.xcassets in Resources */,
				5F05874623C5DB55009D39D8 /* Main.storyboard in Resources */,
			);
			runOnlyForDeploymentPostprocessing = 0;
		};
/* End PBXResourcesBuildPhase section */

/* Begin PBXSourcesBuildPhase section */
		5F05873723C5DB55009D39D8 /* Sources */ = {
			isa = PBXSourcesBuildPhase;
			buildActionMask = 2147483647;
			files = (
				5F05875A23C5E908009D39D8 /* Person.swift in Sources */,
				5F05874923C5DB55009D39D8 /* TestAppForItInnovations.xcdatamodeld in Sources */,
				5F05873F23C5DB55009D39D8 /* AppDelegate.swift in Sources */,
				5F05874123C5DB55009D39D8 /* SceneDelegate.swift in Sources */,
				5F05875C23C5EBB3009D39D8 /* NetworkService.swift in Sources */,
				5F99BBFF23C5F71C002B3035 /* PersonTableViewCell.swift in Sources */,
				5F05875823C5DC1A009D39D8 /* MainViewController.swift in Sources */,
			);
			runOnlyForDeploymentPostprocessing = 0;
		};
/* End PBXSourcesBuildPhase section */

/* Begin PBXVariantGroup section */
		5F05874423C5DB55009D39D8 /* Main.storyboard */ = {
			isa = PBXVariantGroup;
			children = (
				5F05874523C5DB55009D39D8 /* Base */,
			);
			name = Main.storyboard;
			sourceTree = "<group>";
		};
		5F05874C23C5DB59009D39D8 /* LaunchScreen.storyboard */ = {
			isa = PBXVariantGroup;
			children = (
				5F05874D23C5DB59009D39D8 /* Base */,
			);
			name = LaunchScreen.storyboard;
			sourceTree = "<group>";
		};
/* End PBXVariantGroup section */

/* Begin XCBuildConfiguration section */
		5F05875023C5DB59009D39D8 /* Debug */ = {
			isa = XCBuildConfiguration;
			buildSettings = {
				ALWAYS_SEARCH_USER_PATHS = NO;
				CLANG_ANALYZER_NONNULL = YES;
				CLANG_ANALYZER_NUMBER_OBJECT_CONVERSION = YES_AGGRESSIVE;
				CLANG_CXX_LANGUAGE_STANDARD = "gnu++14";
				CLANG_CXX_LIBRARY = "libc++";
				CLANG_ENABLE_MODULES = YES;
				CLANG_ENABLE_OBJC_ARC = YES;
				CLANG_ENABLE_OBJC_WEAK = YES;
				CLANG_WARN_BLOCK_CAPTURE_AUTORELEASING = YES;
				CLANG_WARN_BOOL_CONVERSION = YES;
				CLANG_WARN_COMMA = YES;
				CLANG_WARN_CONSTANT_CONVERSION = YES;
				CLANG_WARN_DEPRECATED_OBJC_IMPLEMENTATIONS = YES;
				CLANG_WARN_DIRECT_OBJC_ISA_USAGE = YES_ERROR;
				CLANG_WARN_DOCUMENTATION_COMMENTS = YES;
				CLANG_WARN_EMPTY_BODY = YES;
				CLANG_WARN_ENUM_CONVERSION = YES;
				CLANG_WARN_INFINITE_RECURSION = YES;
				CLANG_WARN_INT_CONVERSION = YES;
				CLANG_WARN_NON_LITERAL_NULL_CONVERSION = YES;
				CLANG_WARN_OBJC_IMPLICIT_RETAIN_SELF = YES;
				CLANG_WARN_OBJC_LITERAL_CONVERSION = YES;
				CLANG_WARN_OBJC_ROOT_CLASS = YES_ERROR;
				CLANG_WARN_RANGE_LOOP_ANALYSIS = YES;
				CLANG_WARN_STRICT_PROTOTYPES = YES;
				CLANG_WARN_SUSPICIOUS_MOVE = YES;
				CLANG_WARN_UNGUARDED_AVAILABILITY = YES_AGGRESSIVE;
				CLANG_WARN_UNREACHABLE_CODE = YES;
				CLANG_WARN__DUPLICATE_METHOD_MATCH = YES;
				COPY_PHASE_STRIP = NO;
				DEBUG_INFORMATION_FORMAT = dwarf;
				ENABLE_STRICT_OBJC_MSGSEND = YES;
				ENABLE_TESTABILITY = YES;
				GCC_C_LANGUAGE_STANDARD = gnu11;
				GCC_DYNAMIC_NO_PIC = NO;
				GCC_NO_COMMON_BLOCKS = YES;
				GCC_OPTIMIZATION_LEVEL = 0;
				GCC_PREPROCESSOR_DEFINITIONS = (
					"DEBUG=1",
					"$(inherited)",
				);
				GCC_WARN_64_TO_32_BIT_CONVERSION = YES;
				GCC_WARN_ABOUT_RETURN_TYPE = YES_ERROR;
				GCC_WARN_UNDECLARED_SELECTOR = YES;
				GCC_WARN_UNINITIALIZED_AUTOS = YES_AGGRESSIVE;
				GCC_WARN_UNUSED_FUNCTION = YES;
				GCC_WARN_UNUSED_VARIABLE = YES;
				IPHONEOS_DEPLOYMENT_TARGET = 13.2;
				MTL_ENABLE_DEBUG_INFO = INCLUDE_SOURCE;
				MTL_FAST_MATH = YES;
				ONLY_ACTIVE_ARCH = YES;
				SDKROOT = iphoneos;
				SWIFT_ACTIVE_COMPILATION_CONDITIONS = DEBUG;
				SWIFT_OPTIMIZATION_LEVEL = "-Onone";
			};
			name = Debug;
		};
		5F05875123C5DB59009D39D8 /* Release */ = {
			isa = XCBuildConfiguration;
			buildSettings = {
				ALWAYS_SEARCH_USER_PATHS = NO;
				CLANG_ANALYZER_NONNULL = YES;
				CLANG_ANALYZER_NUMBER_OBJECT_CONVERSION = YES_AGGRESSIVE;
				CLANG_CXX_LANGUAGE_STANDARD = "gnu++14";
				CLANG_CXX_LIBRARY = "libc++";
				CLANG_ENABLE_MODULES = YES;
				CLANG_ENABLE_OBJC_ARC = YES;
				CLANG_ENABLE_OBJC_WEAK = YES;
				CLANG_WARN_BLOCK_CAPTURE_AUTORELEASING = YES;
				CLANG_WARN_BOOL_CONVERSION = YES;
				CLANG_WARN_COMMA = YES;
				CLANG_WARN_CONSTANT_CONVERSION = YES;
				CLANG_WARN_DEPRECATED_OBJC_IMPLEMENTATIONS = YES;
				CLANG_WARN_DIRECT_OBJC_ISA_USAGE = YES_ERROR;
				CLANG_WARN_DOCUMENTATION_COMMENTS = YES;
				CLANG_WARN_EMPTY_BODY = YES;
				CLANG_WARN_ENUM_CONVERSION = YES;
				CLANG_WARN_INFINITE_RECURSION = YES;
				CLANG_WARN_INT_CONVERSION = YES;
				CLANG_WARN_NON_LITERAL_NULL_CONVERSION = YES;
				CLANG_WARN_OBJC_IMPLICIT_RETAIN_SELF = YES;
				CLANG_WARN_OBJC_LITERAL_CONVERSION = YES;
				CLANG_WARN_OBJC_ROOT_CLASS = YES_ERROR;
				CLANG_WARN_RANGE_LOOP_ANALYSIS = YES;
				CLANG_WARN_STRICT_PROTOTYPES = YES;
				CLANG_WARN_SUSPICIOUS_MOVE = YES;
				CLANG_WARN_UNGUARDED_AVAILABILITY = YES_AGGRESSIVE;
				CLANG_WARN_UNREACHABLE_CODE = YES;
				CLANG_WARN__DUPLICATE_METHOD_MATCH = YES;
				COPY_PHASE_STRIP = NO;
				DEBUG_INFORMATION_FORMAT = "dwarf-with-dsym";
				ENABLE_NS_ASSERTIONS = NO;
				ENABLE_STRICT_OBJC_MSGSEND = YES;
				GCC_C_LANGUAGE_STANDARD = gnu11;
				GCC_NO_COMMON_BLOCKS = YES;
				GCC_WARN_64_TO_32_BIT_CONVERSION = YES;
				GCC_WARN_ABOUT_RETURN_TYPE = YES_ERROR;
				GCC_WARN_UNDECLARED_SELECTOR = YES;
				GCC_WARN_UNINITIALIZED_AUTOS = YES_AGGRESSIVE;
				GCC_WARN_UNUSED_FUNCTION = YES;
				GCC_WARN_UNUSED_VARIABLE = YES;
				IPHONEOS_DEPLOYMENT_TARGET = 13.2;
				MTL_ENABLE_DEBUG_INFO = NO;
				MTL_FAST_MATH = YES;
				SDKROOT = iphoneos;
				SWIFT_COMPILATION_MODE = wholemodule;
				SWIFT_OPTIMIZATION_LEVEL = "-O";
				VALIDATE_PRODUCT = YES;
			};
			name = Release;
		};
		5F05875323C5DB59009D39D8 /* Debug */ = {
			isa = XCBuildConfiguration;
			buildSettings = {
				ASSETCATALOG_COMPILER_APPICON_NAME = AppIcon;
				CODE_SIGN_STYLE = Automatic;
				DEVELOPMENT_TEAM = G839MR8A88;
				INFOPLIST_FILE = TestAppForItInnovations/Info.plist;
				LD_RUNPATH_SEARCH_PATHS = (
					"$(inherited)",
					"@executable_path/Frameworks",
				);
				PRODUCT_BUNDLE_IDENTIFIER = dima.opalko.TestAppForItInnovations;
				PRODUCT_NAME = "$(TARGET_NAME)";
				SWIFT_VERSION = 5.0;
				TARGETED_DEVICE_FAMILY = "1,2";
			};
			name = Debug;
		};
		5F05875423C5DB59009D39D8 /* Release */ = {
			isa = XCBuildConfiguration;
			buildSettings = {
				ASSETCATALOG_COMPILER_APPICON_NAME = AppIcon;
				CODE_SIGN_STYLE = Automatic;
				DEVELOPMENT_TEAM = G839MR8A88;
				INFOPLIST_FILE = TestAppForItInnovations/Info.plist;
				LD_RUNPATH_SEARCH_PATHS = (
					"$(inherited)",
					"@executable_path/Frameworks",
				);
				PRODUCT_BUNDLE_IDENTIFIER = dima.opalko.TestAppForItInnovations;
				PRODUCT_NAME = "$(TARGET_NAME)";
				SWIFT_VERSION = 5.0;
				TARGETED_DEVICE_FAMILY = "1,2";
			};
			name = Release;
		};
/* End XCBuildConfiguration section */

/* Begin XCConfigurationList section */
		5F05873623C5DB55009D39D8 /* Build configuration list for PBXProject "TestAppForItInnovations" */ = {
			isa = XCConfigurationList;
			buildConfigurations = (
				5F05875023C5DB59009D39D8 /* Debug */,
				5F05875123C5DB59009D39D8 /* Release */,
			);
			defaultConfigurationIsVisible = 0;
			defaultConfigurationName = Release;
		};
		5F05875223C5DB59009D39D8 /* Build configuration list for PBXNativeTarget "TestAppForItInnovations" */ = {
			isa = XCConfigurationList;
			buildConfigurations = (
				5F05875323C5DB59009D39D8 /* Debug */,
				5F05875423C5DB59009D39D8 /* Release */,
			);
			defaultConfigurationIsVisible = 0;
			defaultConfigurationName = Release;
		};
/* End XCConfigurationList section */

/* Begin XCVersionGroup section */
		5F05874723C5DB55009D39D8 /* TestAppForItInnovations.xcdatamodeld */ = {
			isa = XCVersionGroup;
			children = (
				5F05874823C5DB55009D39D8 /* TestAppForItInnovations.xcdatamodel */,
			);
			currentVersion = 5F05874823C5DB55009D39D8 /* TestAppForItInnovations.xcdatamodel */;
			path = TestAppForItInnovations.xcdatamodeld;
			sourceTree = "<group>";
			versionGroupType = wrapper.xcdatamodel;
		};
/* End XCVersionGroup section */
	};
	rootObject = 5F05873323C5DB55009D39D8 /* Project object */;
}
